
Microsoft Visual Studio Solution File, Format Version 12.00
# Visual Studio 14
VisualStudioVersion = 14.0.25420.1
MinimumVisualStudioVersion = 10.0.40219.1
Project("{FAE04EC0-301F-11D3-BF4B-00C04F79EFBC}") = "NetOffice Tools - 01 Simple", "02 NetOffice PowerPoint COMAddin Sample\01 Simple\01 Simple.csproj", "{7ABE9056-698A-438A-B5B6-F85AB6557703}"
EndProject
Project("{FAE04EC0-301F-11D3-BF4B-00C04F79EFBC}") = "NetOffice Tools - 02 Ribbons And Panes", "02 NetOffice PowerPoint COMAddin Sample\02 Ribbons And Panes\02 Ribbons And Panes.csproj", "{587B6CAB-1836-4D01-9583-8A707E60B664}"
EndProject
Global
	GlobalSection(SolutionConfigurationPlatforms) = preSolution
		Debug|Any CPU = Debug|Any CPU
		Release|Any CPU = Release|Any CPU
	EndGlobalSection
	GlobalSection(ProjectConfigurationPlatforms) = postSolution
		{7ABE9056-698A-438A-B5B6-F85AB6557703}.Debug|Any CPU.ActiveCfg = Debug|Any CPU
		{7ABE9056-698A-438A-B5B6-F85AB6557703}.Debug|Any CPU.Build.0 = Debug|Any CPU
		{7ABE9056-698A-438A-B5B6-F85AB6557703}.Release|Any CPU.ActiveCfg = Release|Any CPU
		{7ABE9056-698A-438A-B5B6-F85AB6557703}.Release|Any CPU.Build.0 = Release|Any CPU
		{587B6CAB-1836-4D01-9583-8A707E60B664}.Debug|Any CPU.ActiveCfg = Debug|Any CPU
		{587B6CAB-1836-4D01-9583-8A707E60B664}.Debug|Any CPU.Build.0 = Debug|Any CPU
		{587B6CAB-1836-4D01-9583-8A707E60B664}.Release|Any CPU.ActiveCfg = Release|Any CPU
		{587B6CAB-1836-4D01-9583-8A707E60B664}.Release|Any CPU.Build.0 = Release|Any CPU
	EndGlobalSection
	GlobalSection(SolutionProperties) = preSolution
		HideSolutionNode = FALSE
	EndGlobalSection
EndGlobal
