
Microsoft Visual Studio Solution File, Format Version 12.00
# Visual Studio 14
VisualStudioVersion = 14.0.25420.1
MinimumVisualStudioVersion = 10.0.40219.1
Project("{FAE04EC0-301F-11D3-BF4B-00C04F79EFBC}") = "NetOffice Tools - 01 Simple", "02 NetOffice Word COMAddin Sample\01 Simple\01 Simple.csproj", "{FED51106-021E-4EF8-8418-3A3CC0FC132C}"
EndProject
Project("{FAE04EC0-301F-11D3-BF4B-00C04F79EFBC}") = "NetOffice Tools - 02 Ribbons And Panes", "02 NetOffice Word COMAddin Sample\02 Ribbons And Panes\02 Ribbons And Panes.csproj", "{BFF466A2-1FCF-4E42-A7A4-F75293FFAF4E}"
EndProject
Global
	GlobalSection(SolutionConfigurationPlatforms) = preSolution
		Debug|Any CPU = Debug|Any CPU
		Release|Any CPU = Release|Any CPU
	EndGlobalSection
	GlobalSection(ProjectConfigurationPlatforms) = postSolution
		{FED51106-021E-4EF8-8418-3A3CC0FC132C}.Debug|Any CPU.ActiveCfg = Debug|Any CPU
		{FED51106-021E-4EF8-8418-3A3CC0FC132C}.Debug|Any CPU.Build.0 = Debug|Any CPU
		{FED51106-021E-4EF8-8418-3A3CC0FC132C}.Release|Any CPU.ActiveCfg = Release|Any CPU
		{FED51106-021E-4EF8-8418-3A3CC0FC132C}.Release|Any CPU.Build.0 = Release|Any CPU
		{BFF466A2-1FCF-4E42-A7A4-F75293FFAF4E}.Debug|Any CPU.ActiveCfg = Debug|Any CPU
		{BFF466A2-1FCF-4E42-A7A4-F75293FFAF4E}.Debug|Any CPU.Build.0 = Debug|Any CPU
		{BFF466A2-1FCF-4E42-A7A4-F75293FFAF4E}.Release|Any CPU.ActiveCfg = Release|Any CPU
		{BFF466A2-1FCF-4E42-A7A4-F75293FFAF4E}.Release|Any CPU.Build.0 = Release|Any CPU
	EndGlobalSection
	GlobalSection(SolutionProperties) = preSolution
		HideSolutionNode = FALSE
	EndGlobalSection
EndGlobal
